{
  "version": 4,
  "terraform_version": "0.12.29",
  "serial": 503,
  "lineage": "fd2e9f1b-62b0-fa8a-5524-2b1c517a7704",
  "outputs": {
    "alb_dns_name": {
      "value": "current-70305092.ap-northeast-1.elb.amazonaws.com",
      "type": "string"
    },
    "domain_name": {
      "value": "alice-catharsis.com",
      "type": "string"
    },
    "public_ip": {
      "value": "176.32.78.57",
      "type": "string"
    }
  },
  "resources": [
    {
      "mode": "managed",
      "type": "aws_db_option_group",
      "name": "current",
      "provider": "provider.aws",
      "instances": [
        {
          "schema_version": 0,
          "attributes": {
            "arn": "arn:aws:rds:ap-northeast-1:320981266684:og:current",
            "engine_name": "mysql",
            "id": "current",
            "major_engine_version": "5.7",
            "name": "current",
            "name_prefix": null,
            "option": [
              {
                "db_security_group_memberships": [],
                "option_name": "MARIADB_AUDIT_PLUGIN",
                "option_settings": [],
                "port": 0,
                "version": "",
                "vpc_security_group_memberships": []
              }
            ],
            "option_group_description": "Managed by Terraform",
            "tags": {
              "Name": "production"
            },
            "timeouts": null
          }
        }
      ]
    },
    {
      "mode": "managed",
      "type": "aws_ecs_cluster",
      "name": "current",
      "provider": "provider.aws",
      "instances": [
        {
          "schema_version": 0,
          "attributes": {
            "arn": "arn:aws:ecs:ap-northeast-1:320981266684:cluster/production-alice-catharsis",
            "capacity_providers": [],
            "default_capacity_provider_strategy": [],
            "id": "arn:aws:ecs:ap-northeast-1:320981266684:cluster/production-alice-catharsis",
            "name": "production-alice-catharsis",
            "setting": [
              {
                "name": "containerInsights",
                "value": "disabled"
              }
            ],
            "tags": {
              "Name": "production"
            }
          }
        }
      ]
    },
    {
      "mode": "managed",
      "type": "aws_internet_gateway",
      "name": "current",
      "provider": "provider.aws",
      "instances": [
        {
          "schema_version": 0,
          "attributes": {
            "arn": "arn:aws:ec2:ap-northeast-1:320981266684:internet-gateway/igw-0581f199f38f4b4fa",
            "id": "igw-0581f199f38f4b4fa",
            "owner_id": "320981266684",
            "tags": {
              "Name": "production"
            },
            "vpc_id": "vpc-07d3b74573263dab5"
          }
        }
      ]
    },
    {
      "mode": "managed",
      "type": "aws_route53_record",
      "name": "current_certificate",
      "each": "map",
      "provider": "provider.aws",
      "instances": []
    },
    {
      "mode": "managed",
      "type": "aws_s3_bucket",
      "name": "public",
      "provider": "provider.aws",
      "instances": [
        {
          "schema_version": 0,
          "attributes": {
            "acceleration_status": "",
            "acl": "public-read",
            "arn": "arn:aws:s3:::public-production-alice-catharsis",
            "bucket": "public-production-alice-catharsis",
            "bucket_domain_name": "public-production-alice-catharsis.s3.amazonaws.com",
            "bucket_prefix": null,
            "bucket_regional_domain_name": "public-production-alice-catharsis.s3.ap-northeast-1.amazonaws.com",
            "cors_rule": [
              {
                "allowed_headers": [
                  "*"
                ],
                "allowed_methods": [
                  "GET"
                ],
                "allowed_origins": [
                  "https://alice-catharsis.com"
                ],
                "expose_headers": [],
                "max_age_seconds": 300
              }
            ],
            "force_destroy": false,
            "grant": [],
            "hosted_zone_id": "Z2M4EHUR26P7ZW",
            "id": "public-production-alice-catharsis",
            "lifecycle_rule": [],
            "logging": [],
            "object_lock_configuration": [],
            "policy": null,
            "region": "ap-northeast-1",
            "replication_configuration": [],
            "request_payer": "BucketOwner",
            "server_side_encryption_configuration": [],
            "tags": {
              "Name": "production"
            },
            "versioning": [
              {
                "enabled": false,
                "mfa_delete": false
              }
            ],
            "website": [
              {
                "error_document": "index.html",
                "index_document": "index.html",
                "redirect_all_requests_to": "",
                "routing_rules": ""
              }
            ],
            "website_domain": "s3-website-ap-northeast-1.amazonaws.com",
            "website_endpoint": "public-production-alice-catharsis.s3-website-ap-northeast-1.amazonaws.com"
          }
        }
      ]
    },
    {
      "module": "module.http_redirect_sg",
      "mode": "managed",
      "type": "aws_security_group",
      "name": "current",
      "provider": "provider.aws",
      "instances": [
        {
          "schema_version": 1,
          "attributes": {
            "arn": "arn:aws:ec2:ap-northeast-1:320981266684:security-group/sg-02d8b7166a44744e3",
            "description": "Managed by Terraform",
            "egress": [
              {
                "cidr_blocks": [
                  "0.0.0.0/0"
                ],
                "description": "",
                "from_port": 0,
                "ipv6_cidr_blocks": [],
                "prefix_list_ids": [],
                "protocol": "-1",
                "security_groups": [],
                "self": false,
                "to_port": 0
              }
            ],
            "id": "sg-02d8b7166a44744e3",
            "ingress": [
              {
                "cidr_blocks": [
                  "0.0.0.0/0"
                ],
                "description": "",
                "from_port": 8080,
                "ipv6_cidr_blocks": [],
                "prefix_list_ids": [],
                "protocol": "tcp",
                "security_groups": [],
                "self": false,
                "to_port": 8080
              }
            ],
            "name": "http-redirect-sg",
            "name_prefix": "",
            "owner_id": "320981266684",
            "revoke_rules_on_delete": false,
            "tags": {},
            "timeouts": null,
            "vpc_id": "vpc-07d3b74573263dab5"
          }
        }
      ]
    },
    {
      "module": "module.http_sg",
      "mode": "managed",
      "type": "aws_security_group",
      "name": "current",
      "provider": "provider.aws",
      "instances": [
        {
          "schema_version": 1,
          "attributes": {
            "arn": "arn:aws:ec2:ap-northeast-1:320981266684:security-group/sg-0970c50b275b929c1",
            "description": "Managed by Terraform",
            "egress": [
              {
                "cidr_blocks": [
                  "0.0.0.0/0"
                ],
                "description": "",
                "from_port": 0,
                "ipv6_cidr_blocks": [],
                "prefix_list_ids": [],
                "protocol": "-1",
                "security_groups": [],
                "self": false,
                "to_port": 0
              }
            ],
            "id": "sg-0970c50b275b929c1",
            "ingress": [
              {
                "cidr_blocks": [
                  "0.0.0.0/0"
                ],
                "description": "",
                "from_port": 80,
                "ipv6_cidr_blocks": [],
                "prefix_list_ids": [],
                "protocol": "tcp",
                "security_groups": [],
                "self": false,
                "to_port": 80
              }
            ],
            "name": "http-sg",
            "name_prefix": "",
            "owner_id": "320981266684",
            "revoke_rules_on_delete": false,
            "tags": {},
            "timeouts": null,
            "vpc_id": "vpc-07d3b74573263dab5"
          }
        }
      ]
    },
    {
      "module": "module.https_sg",
      "mode": "managed",
      "type": "aws_security_group",
      "name": "current",
      "provider": "provider.aws",
      "instances": [
        {
          "schema_version": 1,
          "attributes": {
            "arn": "arn:aws:ec2:ap-northeast-1:320981266684:security-group/sg-02f2e69096ed10e40",
            "description": "Managed by Terraform",
            "egress": [
              {
                "cidr_blocks": [
                  "0.0.0.0/0"
                ],
                "description": "",
                "from_port": 0,
                "ipv6_cidr_blocks": [],
                "prefix_list_ids": [],
                "protocol": "-1",
                "security_groups": [],
                "self": false,
                "to_port": 0
              }
            ],
            "id": "sg-02f2e69096ed10e40",
            "ingress": [
              {
                "cidr_blocks": [
                  "0.0.0.0/0"
                ],
                "description": "",
                "from_port": 443,
                "ipv6_cidr_blocks": [],
                "prefix_list_ids": [],
                "protocol": "tcp",
                "security_groups": [],
                "self": false,
                "to_port": 443
              }
            ],
            "name": "https-sg",
            "name_prefix": "",
            "owner_id": "320981266684",
            "revoke_rules_on_delete": false,
            "tags": {},
            "timeouts": null,
            "vpc_id": "vpc-07d3b74573263dab5"
          }
        }
      ]
    },
    {
      "mode": "managed",
      "type": "aws_subnet",
      "name": "public_c",
      "provider": "provider.aws",
      "instances": [
        {
          "schema_version": 1,
          "attributes": {
            "arn": "arn:aws:ec2:ap-northeast-1:320981266684:subnet/subnet-0f7d661c010c06144",
            "assign_ipv6_address_on_creation": false,
            "availability_zone": "ap-northeast-1c",
            "availability_zone_id": "apne1-az1",
            "cidr_block": "10.0.2.0/24",
            "id": "subnet-0f7d661c010c06144",
            "ipv6_cidr_block": "",
            "ipv6_cidr_block_association_id": "",
            "map_public_ip_on_launch": true,
            "outpost_arn": "",
            "owner_id": "320981266684",
            "tags": {
              "Name": "production"
            },
            "timeouts": null,
            "vpc_id": "vpc-07d3b74573263dab5"
          }
        }
      ]
    },
    {
      "mode": "managed",
      "type": "aws_vpc",
      "name": "current",
      "provider": "provider.aws",
      "instances": [
        {
          "schema_version": 1,
          "attributes": {
            "arn": "arn:aws:ec2:ap-northeast-1:320981266684:vpc/vpc-07d3b74573263dab5",
            "assign_generated_ipv6_cidr_block": false,
            "cidr_block": "10.0.0.0/16",
            "default_network_acl_id": "acl-074ed7a98002b95eb",
            "default_route_table_id": "rtb-09d989dcdd2a823af",
            "default_security_group_id": "sg-04b603bd091a87a7c",
            "dhcp_options_id": "dopt-dd8eb4ba",
            "enable_classiclink": false,
            "enable_classiclink_dns_support": false,
            "enable_dns_hostnames": true,
            "enable_dns_support": true,
            "id": "vpc-07d3b74573263dab5",
            "instance_tenancy": "default",
            "ipv6_association_id": "",
            "ipv6_cidr_block": "",
            "main_route_table_id": "rtb-09d989dcdd2a823af",
            "owner_id": "320981266684",
            "tags": {
              "Name": "production"
            }
          },
          "private": "eyJzY2hlbWFfdmVyc2lvbiI6IjEifQ=="
        }
      ]
    }
  ]
}
